// !$*UTF8*$!
{
	archiveVersion = 1;
	classes = {
	};
	objectVersion = 56;
	objects = {

/* Begin PBXBuildFile section */
		661F584B2B7DFF630007A053 /* MemorizerApp.swift in Sources */ = {isa = PBXBuildFile; fileRef = 661F584A2B7DFF630007A053 /* MemorizerApp.swift */; };
		661F584D2B7DFF630007A053 /* EmojiMemoryGameView.swift in Sources */ = {isa = PBXBuildFile; fileRef = 661F584C2B7DFF630007A053 /* EmojiMemoryGameView.swift */; };
		661F584F2B7DFF670007A053 /* Assets.xcassets in Resources */ = {isa = PBXBuildFile; fileRef = 661F584E2B7DFF670007A053 /* Assets.xcassets */; };
		661F58522B7DFF670007A053 /* Preview Assets.xcassets in Resources */ = {isa = PBXBuildFile; fileRef = 661F58512B7DFF670007A053 /* Preview Assets.xcassets */; };
		661F585C2B7DFF670007A053 /* MemorizerTests.swift in Sources */ = {isa = PBXBuildFile; fileRef = 661F585B2B7DFF670007A053 /* MemorizerTests.swift */; };
		661F58662B7DFF670007A053 /* MemorizerUITests.swift in Sources */ = {isa = PBXBuildFile; fileRef = 661F58652B7DFF670007A053 /* MemorizerUITests.swift */; };
		661F58682B7DFF670007A053 /* MemorizerUITestsLaunchTests.swift in Sources */ = {isa = PBXBuildFile; fileRef = 661F58672B7DFF670007A053 /* MemorizerUITestsLaunchTests.swift */; };
		66B398A92B8EAFC30036B15C /* MemoryGame.swift in Sources */ = {isa = PBXBuildFile; fileRef = 66B398A82B8EAFC30036B15C /* MemoryGame.swift */; };
		66BF8C962B93F2D60007ADC0 /* EmojiMemoryGameVM.swift in Sources */ = {isa = PBXBuildFile; fileRef = 66BF8C952B93F2D60007ADC0 /* EmojiMemoryGameVM.swift */; };
/* End PBXBuildFile section */

/* Begin PBXContainerItemProxy section */
		661F58582B7DFF670007A053 /* PBXContainerItemProxy */ = {
			isa = PBXContainerItemProxy;
			containerPortal = 661F583F2B7DFF630007A053 /* Project object */;
			proxyType = 1;
			remoteGlobalIDString = 661F58462B7DFF630007A053;
			remoteInfo = Memorizer;
		};
		661F58622B7DFF670007A053 /* PBXContainerItemProxy */ = {
			isa = PBXContainerItemProxy;
			containerPortal = 661F583F2B7DFF630007A053 /* Project object */;
			proxyType = 1;
			remoteGlobalIDString = 661F58462B7DFF630007A053;
			remoteInfo = Memorizer;
		};
/* End PBXContainerItemProxy section */

/* Begin PBXFileReference section */
		661F58472B7DFF630007A053 /* Memorizer.app */ = {isa = PBXFileReference; explicitFileType = wrapper.application; includeInIndex = 0; path = Memorizer.app; sourceTree = BUILT_PRODUCTS_DIR; };
		661F584A2B7DFF630007A053 /* MemorizerApp.swift */ = {isa = PBXFileReference; lastKnownFileType = sourcecode.swift; path = MemorizerApp.swift; sourceTree = "<group>"; };
		661F584C2B7DFF630007A053 /* EmojiMemoryGameView.swift */ = {isa = PBXFileReference; lastKnownFileType = sourcecode.swift; path = EmojiMemoryGameView.swift; sourceTree = "<group>"; };
		661F584E2B7DFF670007A053 /* Assets.xcassets */ = {isa = PBXFileReference; lastKnownFileType = folder.assetcatalog; path = Assets.xcassets; sourceTree = "<group>"; };
		661F58512B7DFF670007A053 /* Preview Assets.xcassets */ = {isa = PBXFileReference; lastKnownFileType = folder.assetcatalog; path = "Preview Assets.xcassets"; sourceTree = "<group>"; };
		661F58572B7DFF670007A053 /* MemorizerTests.xctest */ = {isa = PBXFileReference; explicitFileType = wrapper.cfbundle; includeInIndex = 0; path = MemorizerTests.xctest; sourceTree = BUILT_PRODUCTS_DIR; };
		661F585B2B7DFF670007A053 /* MemorizerTests.swift */ = {isa = PBXFileReference; lastKnownFileType = sourcecode.swift; path = MemorizerTests.swift; sourceTree = "<group>"; };
		661F58612B7DFF670007A053 /* MemorizerUITests.xctest */ = {isa = PBXFileReference; explicitFileType = wrapper.cfbundle; includeInIndex = 0; path = MemorizerUITests.xctest; sourceTree = BUILT_PRODUCTS_DIR; };
		661F58652B7DFF670007A053 /* MemorizerUITests.swift */ = {isa = PBXFileReference; lastKnownFileType = sourcecode.swift; path = MemorizerUITests.swift; sourceTree = "<group>"; };
		661F58672B7DFF670007A053 /* MemorizerUITestsLaunchTests.swift */ = {isa = PBXFileReference; lastKnownFileType = sourcecode.swift; path = MemorizerUITestsLaunchTests.swift; sourceTree = "<group>"; };
		66B398A82B8EAFC30036B15C /* MemoryGame.swift */ = {isa = PBXFileReference; lastKnownFileType = sourcecode.swift; path = MemoryGame.swift; sourceTree = "<group>"; };
		66BF8C952B93F2D60007ADC0 /* EmojiMemoryGameVM.swift */ = {isa = PBXFileReference; lastKnownFileType = sourcecode.swift; path = EmojiMemoryGameVM.swift; sourceTree = "<group>"; };
/* End PBXFileReference section */

/* Begin PBXFrameworksBuildPhase section */
		661F58442B7DFF630007A053 /* Frameworks */ = {
			isa = PBXFrameworksBuildPhase;
			buildActionMask = 2147483647;
			files = (
			);
			runOnlyForDeploymentPostprocessing = 0;
		};
		661F58542B7DFF670007A053 /* Frameworks */ = {
			isa = PBXFrameworksBuildPhase;
			buildActionMask = 2147483647;
			files = (
			);
			runOnlyForDeploymentPostprocessing = 0;
		};
		661F585E2B7DFF670007A053 /* Frameworks */ = {
			isa = PBXFrameworksBuildPhase;
			buildActionMask = 2147483647;
			files = (
			);
			runOnlyForDeploymentPostprocessing = 0;
		};
/* End PBXFrameworksBuildPhase section */

/* Begin PBXGroup section */
		661F583E2B7DFF630007A053 = {
			isa = PBXGroup;
			children = (
				661F58492B7DFF630007A053 /* Memorizer */,
				661F585A2B7DFF670007A053 /* MemorizerTests */,
				661F58642B7DFF670007A053 /* MemorizerUITests */,
				661F58482B7DFF630007A053 /* Products */,
			);
			sourceTree = "<group>";
		};
		661F58482B7DFF630007A053 /* Products */ = {
			isa = PBXGroup;
			children = (
				661F58472B7DFF630007A053 /* Memorizer.app */,
				661F58572B7DFF670007A053 /* MemorizerTests.xctest */,
				661F58612B7DFF670007A053 /* MemorizerUITests.xctest */,
			);
			name = Products;
			sourceTree = "<group>";
		};
		661F58492B7DFF630007A053 /* Memorizer */ = {
			isa = PBXGroup;
			children = (
				661F584A2B7DFF630007A053 /* MemorizerApp.swift */,
				66B398A72B8EAF820036B15C /* Model */,
				66B398A62B8EAF7F0036B15C /* View */,
				66B398A52B8EAF7A0036B15C /* View Model */,
				661F584E2B7DFF670007A053 /* Assets.xcassets */,
				661F58502B7DFF670007A053 /* Preview Content */,
			);
			path = Memorizer;
			sourceTree = "<group>";
		};
		661F58502B7DFF670007A053 /* Preview Content */ = {
			isa = PBXGroup;
			children = (
				661F58512B7DFF670007A053 /* Preview Assets.xcassets */,
			);
			path = "Preview Content";
			sourceTree = "<group>";
		};
		661F585A2B7DFF670007A053 /* MemorizerTests */ = {
			isa = PBXGroup;
			children = (
				661F585B2B7DFF670007A053 /* MemorizerTests.swift */,
			);
			path = MemorizerTests;
			sourceTree = "<group>";
		};
		661F58642B7DFF670007A053 /* MemorizerUITests */ = {
			isa = PBXGroup;
			children = (
				661F58652B7DFF670007A053 /* MemorizerUITests.swift */,
				661F58672B7DFF670007A053 /* MemorizerUITestsLaunchTests.swift */,
			);
			path = MemorizerUITests;
			sourceTree = "<group>";
		};
		66B398A52B8EAF7A0036B15C /* View Model */ = {
			isa = PBXGroup;
			children = (
				66BF8C952B93F2D60007ADC0 /* EmojiMemoryGameVM.swift */,
			);
			path = "View Model";
			sourceTree = "<group>";
		};
		66B398A62B8EAF7F0036B15C /* View */ = {
			isa = PBXGroup;
			children = (
				661F584C2B7DFF630007A053 /* EmojiMemoryGameView.swift */,
			);
			path = View;
			sourceTree = "<group>";
		};
		66B398A72B8EAF820036B15C /* Model */ = {
			isa = PBXGroup;
			children = (
				66B398A82B8EAFC30036B15C /* MemoryGame.swift */,
			);
			path = Model;
			sourceTree = "<group>";
		};
/* End PBXGroup section */

/* Begin PBXNativeTarget section */
		661F58462B7DFF630007A053 /* Memorizer */ = {
			isa = PBXNativeTarget;
			buildConfigurationList = 661F586B2B7DFF670007A053 /* Build configuration list for PBXNativeTarget "Memorizer" */;
			buildPhases = (
				661F58432B7DFF630007A053 /* Sources */,
				661F58442B7DFF630007A053 /* Frameworks */,
				661F58452B7DFF630007A053 /* Resources */,
			);
			buildRules = (
			);
			dependencies = (
			);
			name = Memorizer;
			productName = Memorizer;
			productReference = 661F58472B7DFF630007A053 /* Memorizer.app */;
			productType = "com.apple.product-type.application";
		};
		661F58562B7DFF670007A053 /* MemorizerTests */ = {
			isa = PBXNativeTarget;
			buildConfigurationList = 661F586E2B7DFF670007A053 /* Build configuration list for PBXNativeTarget "MemorizerTests" */;
			buildPhases = (
				661F58532B7DFF670007A053 /* Sources */,
				661F58542B7DFF670007A053 /* Frameworks */,
				661F58552B7DFF670007A053 /* Resources */,
			);
			buildRules = (
			);
			dependencies = (
				661F58592B7DFF670007A053 /* PBXTargetDependency */,
			);
			name = MemorizerTests;
			productName = MemorizerTests;
			productReference = 661F58572B7DFF670007A053 /* MemorizerTests.xctest */;
			productType = "com.apple.product-type.bundle.unit-test";
		};
		661F58602B7DFF670007A053 /* MemorizerUITests */ = {
			isa = PBXNativeTarget;
			buildConfigurationList = 661F58712B7DFF670007A053 /* Build configuration list for PBXNativeTarget "MemorizerUITests" */;
			buildPhases = (
				661F585D2B7DFF670007A053 /* Sources */,
				661F585E2B7DFF670007A053 /* Frameworks */,
				661F585F2B7DFF670007A053 /* Resources */,
			);
			buildRules = (
			);
			dependencies = (
				661F58632B7DFF670007A053 /* PBXTargetDependency */,
			);
			name = MemorizerUITests;
			productName = MemorizerUITests;
			productReference = 661F58612B7DFF670007A053 /* MemorizerUITests.xctest */;
			productType = "com.apple.product-type.bundle.ui-testing";
		};
/* End PBXNativeTarget section */

/* Begin PBXProject section */
		661F583F2B7DFF630007A053 /* Project object */ = {
			isa = PBXProject;
			attributes = {
				BuildIndependentTargetsInParallel = 1;
				LastSwiftUpdateCheck = 1520;
				LastUpgradeCheck = 1520;
				TargetAttributes = {
					661F58462B7DFF630007A053 = {
						CreatedOnToolsVersion = 15.2;
					};
					661F58562B7DFF670007A053 = {
						CreatedOnToolsVersion = 15.2;
						TestTargetID = 661F58462B7DFF630007A053;
					};
					661F58602B7DFF670007A053 = {
						CreatedOnToolsVersion = 15.2;
						TestTargetID = 661F58462B7DFF630007A053;
					};
				};
			};
			buildConfigurationList = 661F58422B7DFF630007A053 /* Build configuration list for PBXProject "Memorizer" */;
			compatibilityVersion = "Xcode 14.0";
			developmentRegion = en;
			hasScannedForEncodings = 0;
			knownRegions = (
				en,
				Base,
			);
			mainGroup = 661F583E2B7DFF630007A053;
			productRefGroup = 661F58482B7DFF630007A053 /* Products */;
			projectDirPath = "";
			projectRoot = "";
			targets = (
				661F58462B7DFF630007A053 /* Memorizer */,
				661F58562B7DFF670007A053 /* MemorizerTests */,
				661F58602B7DFF670007A053 /* MemorizerUITests */,
			);
		};
/* End PBXProject section */

/* Begin PBXResourcesBuildPhase section */
		661F58452B7DFF630007A053 /* Resources */ = {
			isa = PBXResourcesBuildPhase;
			buildActionMask = 2147483647;
			files = (
				661F58522B7DFF670007A053 /* Preview Assets.xcassets in Resources */,
				661F584F2B7DFF670007A053 /* Assets.xcassets in Resources */,
			);
			runOnlyForDeploymentPostprocessing = 0;
		};
		661F58552B7DFF670007A053 /* Resources */ = {
			isa = PBXResourcesBuildPhase;
			buildActionMask = 2147483647;
			files = (
			);
			runOnlyForDeploymentPostprocessing = 0;
		};
		661F585F2B7DFF670007A053 /* Resources */ = {
			isa = PBXResourcesBuildPhase;
			buildActionMask = 2147483647;
			files = (
			);
			runOnlyForDeploymentPostprocessing = 0;
		};
/* End PBXResourcesBuildPhase section */

/* Begin PBXSourcesBuildPhase section */
		661F58432B7DFF630007A053 /* Sources */ = {
			isa = PBXSourcesBuildPhase;
			buildActionMask = 2147483647;
			files = (
				66BF8C962B93F2D60007ADC0 /* EmojiMemoryGameVM.swift in Sources */,
				661F584D2B7DFF630007A053 /* EmojiMemoryGameView.swift in Sources */,
				66B398A92B8EAFC30036B15C /* MemoryGame.swift in Sources */,
				661F584B2B7DFF630007A053 /* MemorizerApp.swift in Sources */,
			);
			runOnlyForDeploymentPostprocessing = 0;
		};
		661F58532B7DFF670007A053 /* Sources */ = {
			isa = PBXSourcesBuildPhase;
			buildActionMask = 2147483647;
			files = (
				661F585C2B7DFF670007A053 /* MemorizerTests.swift in Sources */,
			);
			runOnlyForDeploymentPostprocessing = 0;
		};
		661F585D2B7DFF670007A053 /* Sources */ = {
			isa = PBXSourcesBuildPhase;
			buildActionMask = 2147483647;
			files = (
				661F58662B7DFF670007A053 /* MemorizerUITests.swift in Sources */,
				661F58682B7DFF670007A053 /* MemorizerUITestsLaunchTests.swift in Sources */,
			);
			runOnlyForDeploymentPostprocessing = 0;
		};
/* End PBXSourcesBuildPhase section */

/* Begin PBXTargetDependency section */
		661F58592B7DFF670007A053 /* PBXTargetDependency */ = {
			isa = PBXTargetDependency;
			target = 661F58462B7DFF630007A053 /* Memorizer */;
			targetProxy = 661F58582B7DFF670007A053 /* PBXContainerItemProxy */;
		};
		661F58632B7DFF670007A053 /* PBXTargetDependency */ = {
			isa = PBXTargetDependency;
			target = 661F58462B7DFF630007A053 /* Memorizer */;
			targetProxy = 661F58622B7DFF670007A053 /* PBXContainerItemProxy */;
		};
/* End PBXTargetDependency section */

/* Begin XCBuildConfiguration section */
		661F58692B7DFF670007A053 /* Debug */ = {
			isa = XCBuildConfiguration;
			buildSettings = {
				ALWAYS_SEARCH_USER_PATHS = NO;
				ASSETCATALOG_COMPILER_GENERATE_SWIFT_ASSET_SYMBOL_EXTENSIONS = YES;
				CLANG_ANALYZER_NONNULL = YES;
				CLANG_ANALYZER_NUMBER_OBJECT_CONVERSION = YES_AGGRESSIVE;
				CLANG_CXX_LANGUAGE_STANDARD = "gnu++20";
				CLANG_ENABLE_MODULES = YES;
				CLANG_ENABLE_OBJC_ARC = YES;
				CLANG_ENABLE_OBJC_WEAK = YES;
				CLANG_WARN_BLOCK_CAPTURE_AUTORELEASING = YES;
				CLANG_WARN_BOOL_CONVERSION = YES;
				CLANG_WARN_COMMA = YES;
				CLANG_WARN_CONSTANT_CONVERSION = YES;
				CLANG_WARN_DEPRECATED_OBJC_IMPLEMENTATIONS = YES;
				CLANG_WARN_DIRECT_OBJC_ISA_USAGE = YES_ERROR;
				CLANG_WARN_DOCUMENTATION_COMMENTS = YES;
				CLANG_WARN_EMPTY_BODY = YES;
				CLANG_WARN_ENUM_CONVERSION = YES;
				CLANG_WARN_INFINITE_RECURSION = YES;
				CLANG_WARN_INT_CONVERSION = YES;
				CLANG_WARN_NON_LITERAL_NULL_CONVERSION = YES;
				CLANG_WARN_OBJC_IMPLICIT_RETAIN_SELF = YES;
				CLANG_WARN_OBJC_LITERAL_CONVERSION = YES;
				CLANG_WARN_OBJC_ROOT_CLASS = YES_ERROR;
				CLANG_WARN_QUOTED_INCLUDE_IN_FRAMEWORK_HEADER = YES;
				CLANG_WARN_RANGE_LOOP_ANALYSIS = YES;
				CLANG_WARN_STRICT_PROTOTYPES = YES;
				CLANG_WARN_SUSPICIOUS_MOVE = YES;
				CLANG_WARN_UNGUARDED_AVAILABILITY = YES_AGGRESSIVE;
				CLANG_WARN_UNREACHABLE_CODE = YES;
				CLANG_WARN__DUPLICATE_METHOD_MATCH = YES;
				COPY_PHASE_STRIP = NO;
				DEBUG_INFORMATION_FORMAT = dwarf;
				ENABLE_STRICT_OBJC_MSGSEND = YES;
				ENABLE_TESTABILITY = YES;
				ENABLE_USER_SCRIPT_SANDBOXING = YES;
				GCC_C_LANGUAGE_STANDARD = gnu17;
				GCC_DYNAMIC_NO_PIC = NO;
				GCC_NO_COMMON_BLOCKS = YES;
				GCC_OPTIMIZATION_LEVEL = 0;
				GCC_PREPROCESSOR_DEFINITIONS = (
					"DEBUG=1",
					"$(inherited)",
				);
				GCC_WARN_64_TO_32_BIT_CONVERSION = YES;
				GCC_WARN_ABOUT_RETURN_TYPE = YES_ERROR;
				GCC_WARN_UNDECLARED_SELECTOR = YES;
				GCC_WARN_UNINITIALIZED_AUTOS = YES_AGGRESSIVE;
				GCC_WARN_UNUSED_FUNCTION = YES;
				GCC_WARN_UNUSED_VARIABLE = YES;
				IPHONEOS_DEPLOYMENT_TARGET = 17.2;
				LOCALIZATION_PREFERS_STRING_CATALOGS = YES;
				MTL_ENABLE_DEBUG_INFO = INCLUDE_SOURCE;
				MTL_FAST_MATH = YES;
				ONLY_ACTIVE_ARCH = YES;
				SDKROOT = iphoneos;
				SWIFT_ACTIVE_COMPILATION_CONDITIONS = "DEBUG $(inherited)";
				SWIFT_OPTIMIZATION_LEVEL = "-Onone";
			};
			name = Debug;
		};
		661F586A2B7DFF670007A053 /* Release */ = {
			isa = XCBuildConfiguration;
			buildSettings = {
				ALWAYS_SEARCH_USER_PATHS = NO;
				ASSETCATALOG_COMPILER_GENERATE_SWIFT_ASSET_SYMBOL_EXTENSIONS = YES;
				CLANG_ANALYZER_NONNULL = YES;
				CLANG_ANALYZER_NUMBER_OBJECT_CONVERSION = YES_AGGRESSIVE;
				CLANG_CXX_LANGUAGE_STANDARD = "gnu++20";
				CLANG_ENABLE_MODULES = YES;
				CLANG_ENABLE_OBJC_ARC = YES;
				CLANG_ENABLE_OBJC_WEAK = YES;
				CLANG_WARN_BLOCK_CAPTURE_AUTORELEASING = YES;
				CLANG_WARN_BOOL_CONVERSION = YES;
				CLANG_WARN_COMMA = YES;
				CLANG_WARN_CONSTANT_CONVERSION = YES;
				CLANG_WARN_DEPRECATED_OBJC_IMPLEMENTATIONS = YES;
				CLANG_WARN_DIRECT_OBJC_ISA_USAGE = YES_ERROR;
				CLANG_WARN_DOCUMENTATION_COMMENTS = YES;
				CLANG_WARN_EMPTY_BODY = YES;
				CLANG_WARN_ENUM_CONVERSION = YES;
				CLANG_WARN_INFINITE_RECURSION = YES;
				CLANG_WARN_INT_CONVERSION = YES;
				CLANG_WARN_NON_LITERAL_NULL_CONVERSION = YES;
				CLANG_WARN_OBJC_IMPLICIT_RETAIN_SELF = YES;
				CLANG_WARN_OBJC_LITERAL_CONVERSION = YES;
				CLANG_WARN_OBJC_ROOT_CLASS = YES_ERROR;
				CLANG_WARN_QUOTED_INCLUDE_IN_FRAMEWORK_HEADER = YES;
				CLANG_WARN_RANGE_LOOP_ANALYSIS = YES;
				CLANG_WARN_STRICT_PROTOTYPES = YES;
				CLANG_WARN_SUSPICIOUS_MOVE = YES;
				CLANG_WARN_UNGUARDED_AVAILABILITY = YES_AGGRESSIVE;
				CLANG_WARN_UNREACHABLE_CODE = YES;
				CLANG_WARN__DUPLICATE_METHOD_MATCH = YES;
				COPY_PHASE_STRIP = NO;
				DEBUG_INFORMATION_FORMAT = "dwarf-with-dsym";
				ENABLE_NS_ASSERTIONS = NO;
				ENABLE_STRICT_OBJC_MSGSEND = YES;
				ENABLE_USER_SCRIPT_SANDBOXING = YES;
				GCC_C_LANGUAGE_STANDARD = gnu17;
				GCC_NO_COMMON_BLOCKS = YES;
				GCC_WARN_64_TO_32_BIT_CONVERSION = YES;
				GCC_WARN_ABOUT_RETURN_TYPE = YES_ERROR;
				GCC_WARN_UNDECLARED_SELECTOR = YES;
				GCC_WARN_UNINITIALIZED_AUTOS = YES_AGGRESSIVE;
				GCC_WARN_UNUSED_FUNCTION = YES;
				GCC_WARN_UNUSED_VARIABLE = YES;
				IPHONEOS_DEPLOYMENT_TARGET = 17.2;
				LOCALIZATION_PREFERS_STRING_CATALOGS = YES;
				MTL_ENABLE_DEBUG_INFO = NO;
				MTL_FAST_MATH = YES;
				SDKROOT = iphoneos;
				SWIFT_COMPILATION_MODE = wholemodule;
				VALIDATE_PRODUCT = YES;
			};
			name = Release;
		};
		661F586C2B7DFF670007A053 /* Debug */ = {
			isa = XCBuildConfiguration;
			buildSettings = {
				ASSETCATALOG_COMPILER_APPICON_NAME = AppIcon;
				ASSETCATALOG_COMPILER_GLOBAL_ACCENT_COLOR_NAME = AccentColor;
				CODE_SIGN_STYLE = Automatic;
				CURRENT_PROJECT_VERSION = 1;
				DEVELOPMENT_ASSET_PATHS = "\"Memorizer/Preview Content\"";
				DEVELOPMENT_TEAM = 6C2EWSB9Q3;
				ENABLE_PREVIEWS = YES;
				GENERATE_INFOPLIST_FILE = YES;
				INFOPLIST_KEY_UIApplicationSceneManifest_Generation = YES;
				INFOPLIST_KEY_UIApplicationSupportsIndirectInputEvents = YES;
				INFOPLIST_KEY_UILaunchScreen_Generation = YES;
				INFOPLIST_KEY_UISupportedInterfaceOrientations_iPad = "UIInterfaceOrientationPortrait UIInterfaceOrientationPortraitUpsideDown UIInterfaceOrientationLandscapeLeft UIInterfaceOrientationLandscapeRight";
				INFOPLIST_KEY_UISupportedInterfaceOrientations_iPhone = "UIInterfaceOrientationPortrait UIInterfaceOrientationLandscapeLeft UIInterfaceOrientationLandscapeRight";
				LD_RUNPATH_SEARCH_PATHS = (
					"$(inherited)",
					"@executable_path/Frameworks",
				);
				MARKETING_VERSION = 1.0;
				PRODUCT_BUNDLE_IDENTIFIER = com.tiwariammit.Memorizer;
				PRODUCT_NAME = "$(TARGET_NAME)";
				SWIFT_EMIT_LOC_STRINGS = YES;
				SWIFT_VERSION = 5.0;
				TARGETED_DEVICE_FAMILY = "1,2";
			};
			name = Debug;
		};
		661F586D2B7DFF670007A053 /* Release */ = {
			isa = XCBuildConfiguration;
			buildSettings = {
				ASSETCATALOG_COMPILER_APPICON_NAME = AppIcon;
				ASSETCATALOG_COMPILER_GLOBAL_ACCENT_COLOR_NAME = AccentColor;
				CODE_SIGN_STYLE = Automatic;
				CURRENT_PROJECT_VERSION = 1;
				DEVELOPMENT_ASSET_PATHS = "\"Memorizer/Preview Content\"";
				DEVELOPMENT_TEAM = 6C2EWSB9Q3;
				ENABLE_PREVIEWS = YES;
				GENERATE_INFOPLIST_FILE = YES;
				INFOPLIST_KEY_UIApplicationSceneManifest_Generation = YES;
				INFOPLIST_KEY_UIApplicationSupportsIndirectInputEvents = YES;
				INFOPLIST_KEY_UILaunchScreen_Generation = YES;
				INFOPLIST_KEY_UISupportedInterfaceOrientations_iPad = "UIInterfaceOrientationPortrait UIInterfaceOrientationPortraitUpsideDown UIInterfaceOrientationLandscapeLeft UIInterfaceOrientationLandscapeRight";
				INFOPLIST_KEY_UISupportedInterfaceOrientations_iPhone = "UIInterfaceOrientationPortrait UIInterfaceOrientationLandscapeLeft UIInterfaceOrientationLandscapeRight";
				LD_RUNPATH_SEARCH_PATHS = (
					"$(inherited)",
					"@executable_path/Frameworks",
				);
				MARKETING_VERSION = 1.0;
				PRODUCT_BUNDLE_IDENTIFIER = com.tiwariammit.Memorizer;
				PRODUCT_NAME = "$(TARGET_NAME)";
				SWIFT_EMIT_LOC_STRINGS = YES;
				SWIFT_VERSION = 5.0;
				TARGETED_DEVICE_FAMILY = "1,2";
			};
			name = Release;
		};
		661F586F2B7DFF670007A053 /* Debug */ = {
			isa = XCBuildConfiguration;
			buildSettings = {
				ALWAYS_EMBED_SWIFT_STANDARD_LIBRARIES = YES;
				BUNDLE_LOADER = "$(TEST_HOST)";
				CODE_SIGN_STYLE = Automatic;
				CURRENT_PROJECT_VERSION = 1;
				DEVELOPMENT_TEAM = 6C2EWSB9Q3;
				GENERATE_INFOPLIST_FILE = YES;
				IPHONEOS_DEPLOYMENT_TARGET = 17.2;
				MARKETING_VERSION = 1.0;
				PRODUCT_BUNDLE_IDENTIFIER = com.tiwariammit.MemorizerTests;
				PRODUCT_NAME = "$(TARGET_NAME)";
				SWIFT_EMIT_LOC_STRINGS = NO;
				SWIFT_VERSION = 5.0;
				TARGETED_DEVICE_FAMILY = "1,2";
				TEST_HOST = "$(BUILT_PRODUCTS_DIR)/Memorizer.app/$(BUNDLE_EXECUTABLE_FOLDER_PATH)/Memorizer";
			};
			name = Debug;
		};
		661F58702B7DFF670007A053 /* Release */ = {
			isa = XCBuildConfiguration;
			buildSettings = {
				ALWAYS_EMBED_SWIFT_STANDARD_LIBRARIES = YES;
				BUNDLE_LOADER = "$(TEST_HOST)";
				CODE_SIGN_STYLE = Automatic;
				CURRENT_PROJECT_VERSION = 1;
				DEVELOPMENT_TEAM = 6C2EWSB9Q3;
				GENERATE_INFOPLIST_FILE = YES;
				IPHONEOS_DEPLOYMENT_TARGET = 17.2;
				MARKETING_VERSION = 1.0;
				PRODUCT_BUNDLE_IDENTIFIER = com.tiwariammit.MemorizerTests;
				PRODUCT_NAME = "$(TARGET_NAME)";
				SWIFT_EMIT_LOC_STRINGS = NO;
				SWIFT_VERSION = 5.0;
				TARGETED_DEVICE_FAMILY = "1,2";
				TEST_HOST = "$(BUILT_PRODUCTS_DIR)/Memorizer.app/$(BUNDLE_EXECUTABLE_FOLDER_PATH)/Memorizer";
			};
			name = Release;
		};
		661F58722B7DFF670007A053 /* Debug */ = {
			isa = XCBuildConfiguration;
			buildSettings = {
				ALWAYS_EMBED_SWIFT_STANDARD_LIBRARIES = YES;
				CODE_SIGN_STYLE = Automatic;
				CURRENT_PROJECT_VERSION = 1;
				DEVELOPMENT_TEAM = 6C2EWSB9Q3;
				GENERATE_INFOPLIST_FILE = YES;
				MARKETING_VERSION = 1.0;
				PRODUCT_BUNDLE_IDENTIFIER = com.tiwariammit.MemorizerUITests;
				PRODUCT_NAME = "$(TARGET_NAME)";
				SWIFT_EMIT_LOC_STRINGS = NO;
				SWIFT_VERSION = 5.0;
				TARGETED_DEVICE_FAMILY = "1,2";
				TEST_TARGET_NAME = Memorizer;
			};
			name = Debug;
		};
		661F58732B7DFF670007A053 /* Release */ = {
			isa = XCBuildConfiguration;
			buildSettings = {
				ALWAYS_EMBED_SWIFT_STANDARD_LIBRARIES = YES;
				CODE_SIGN_STYLE = Automatic;
				CURRENT_PROJECT_VERSION = 1;
				DEVELOPMENT_TEAM = 6C2EWSB9Q3;
				GENERATE_INFOPLIST_FILE = YES;
				MARKETING_VERSION = 1.0;
				PRODUCT_BUNDLE_IDENTIFIER = com.tiwariammit.MemorizerUITests;
				PRODUCT_NAME = "$(TARGET_NAME)";
				SWIFT_EMIT_LOC_STRINGS = NO;
				SWIFT_VERSION = 5.0;
				TARGETED_DEVICE_FAMILY = "1,2";
				TEST_TARGET_NAME = Memorizer;
			};
			name = Release;
		};
/* End XCBuildConfiguration section */

/* Begin XCConfigurationList section */
		661F58422B7DFF630007A053 /* Build configuration list for PBXProject "Memorizer" */ = {
			isa = XCConfigurationList;
			buildConfigurations = (
				661F58692B7DFF670007A053 /* Debug */,
				661F586A2B7DFF670007A053 /* Release */,
			);
			defaultConfigurationIsVisible = 0;
			defaultConfigurationName = Release;
		};
		661F586B2B7DFF670007A053 /* Build configuration list for PBXNativeTarget "Memorizer" */ = {
			isa = XCConfigurationList;
			buildConfigurations = (
				661F586C2B7DFF670007A053 /* Debug */,
				661F586D2B7DFF670007A053 /* Release */,
			);
			defaultConfigurationIsVisible = 0;
			defaultConfigurationName = Release;
		};
		661F586E2B7DFF670007A053 /* Build configuration list for PBXNativeTarget "MemorizerTests" */ = {
			isa = XCConfigurationList;
			buildConfigurations = (
				661F586F2B7DFF670007A053 /* Debug */,
				661F58702B7DFF670007A053 /* Release */,
			);
			defaultConfigurationIsVisible = 0;
			defaultConfigurationName = Release;
		};
		661F58712B7DFF670007A053 /* Build configuration list for PBXNativeTarget "MemorizerUITests" */ = {
			isa = XCConfigurationList;
			buildConfigurations = (
				661F58722B7DFF670007A053 /* Debug */,
				661F58732B7DFF670007A053 /* Release */,
			);
			defaultConfigurationIsVisible = 0;
			defaultConfigurationName = Release;
		};
/* End XCConfigurationList section */
	};
	rootObject = 661F583F2B7DFF630007A053 /* Project object */;
}
